
Microsoft Visual Studio Solution File, Format Version 12.00
# Visual Studio Version 16
VisualStudioVersion = 16.0.33027.164
MinimumVisualStudioVersion = 10.0.40219.1
Project("{FAE04EC0-301F-11D3-BF4B-00C04F79EFBC}") = "P1-Verif", "P1-Verif.csproj", "{57810D07-BF49-4F7F-BDED-4688FF8DD48B}"
EndProject
Global
	GlobalSection(SolutionConfigurationPlatforms) = preSolution
		Debug|Any CPU = Debug|Any CPU
		Release|Any CPU = Release|Any CPU
	EndGlobalSection
	GlobalSection(ProjectConfigurationPlatforms) = postSolution
		{57810D07-BF49-4F7F-BDED-4688FF8DD48B}.Debug|Any CPU.ActiveCfg = Debug|Any CPU
		{57810D07-BF49-4F7F-BDED-4688FF8DD48B}.Debug|Any CPU.Build.0 = Debug|Any CPU
		{57810D07-BF49-4F7F-BDED-4688FF8DD48B}.Release|Any CPU.ActiveCfg = Release|Any CPU
		{57810D07-BF49-4F7F-BDED-4688FF8DD48B}.Release|Any CPU.Build.0 = Release|Any CPU
	EndGlobalSection
	GlobalSection(SolutionProperties) = preSolution
		HideSolutionNode = FALSE
	EndGlobalSection
	GlobalSection(ExtensibilityGlobals) = postSolution
		SolutionGuid = {D2942D3F-F5AD-4250-8F08-CD21EE6E2F3C}
	EndGlobalSection
EndGlobal
