
Microsoft Visual Studio Solution File, Format Version 12.00
# Visual Studio Version 16
VisualStudioVersion = 16.0.33027.164
MinimumVisualStudioVersion = 10.0.40219.1
Project("{FAE04EC0-301F-11D3-BF4B-00C04F79EFBC}") = "TransportInfoMain", "TransportInfoMain.csproj", "{FCC2FB69-68DF-4A0C-840F-5F77D6D0835A}"
EndProject
Project("{FAE04EC0-301F-11D3-BF4B-00C04F79EFBC}") = "Common", "..\Common\Common.csproj", "{382AE661-1857-4B56-BA08-25B360572595}"
EndProject
Project("{FAE04EC0-301F-11D3-BF4B-00C04F79EFBC}") = "Presenter", "..\Presenter\Presenter.csproj", "{841C9870-16F0-4622-AF36-BAD81539F49F}"
EndProject
Project("{FAE04EC0-301F-11D3-BF4B-00C04F79EFBC}") = "View", "..\View\View.csproj", "{62AFB6D4-50FC-4EB5-9427-ECCEDF509ECE}"
EndProject
Project("{FAE04EC0-301F-11D3-BF4B-00C04F79EFBC}") = "Model", "..\Model\Model.csproj", "{21D94CF6-5B9B-4515-96DF-E512C44A851D}"
EndProject
Global
	GlobalSection(SolutionConfigurationPlatforms) = preSolution
		Debug|Any CPU = Debug|Any CPU
		Release|Any CPU = Release|Any CPU
	EndGlobalSection
	GlobalSection(ProjectConfigurationPlatforms) = postSolution
		{FCC2FB69-68DF-4A0C-840F-5F77D6D0835A}.Debug|Any CPU.ActiveCfg = Debug|Any CPU
		{FCC2FB69-68DF-4A0C-840F-5F77D6D0835A}.Debug|Any CPU.Build.0 = Debug|Any CPU
		{FCC2FB69-68DF-4A0C-840F-5F77D6D0835A}.Release|Any CPU.ActiveCfg = Release|Any CPU
		{FCC2FB69-68DF-4A0C-840F-5F77D6D0835A}.Release|Any CPU.Build.0 = Release|Any CPU
		{382AE661-1857-4B56-BA08-25B360572595}.Debug|Any CPU.ActiveCfg = Debug|Any CPU
		{382AE661-1857-4B56-BA08-25B360572595}.Debug|Any CPU.Build.0 = Debug|Any CPU
		{382AE661-1857-4B56-BA08-25B360572595}.Release|Any CPU.ActiveCfg = Release|Any CPU
		{382AE661-1857-4B56-BA08-25B360572595}.Release|Any CPU.Build.0 = Release|Any CPU
		{841C9870-16F0-4622-AF36-BAD81539F49F}.Debug|Any CPU.ActiveCfg = Debug|Any CPU
		{841C9870-16F0-4622-AF36-BAD81539F49F}.Debug|Any CPU.Build.0 = Debug|Any CPU
		{841C9870-16F0-4622-AF36-BAD81539F49F}.Release|Any CPU.ActiveCfg = Release|Any CPU
		{841C9870-16F0-4622-AF36-BAD81539F49F}.Release|Any CPU.Build.0 = Release|Any CPU
		{62AFB6D4-50FC-4EB5-9427-ECCEDF509ECE}.Debug|Any CPU.ActiveCfg = Debug|Any CPU
		{62AFB6D4-50FC-4EB5-9427-ECCEDF509ECE}.Debug|Any CPU.Build.0 = Debug|Any CPU
		{62AFB6D4-50FC-4EB5-9427-ECCEDF509ECE}.Release|Any CPU.ActiveCfg = Release|Any CPU
		{62AFB6D4-50FC-4EB5-9427-ECCEDF509ECE}.Release|Any CPU.Build.0 = Release|Any CPU
		{21D94CF6-5B9B-4515-96DF-E512C44A851D}.Debug|Any CPU.ActiveCfg = Debug|Any CPU
		{21D94CF6-5B9B-4515-96DF-E512C44A851D}.Debug|Any CPU.Build.0 = Debug|Any CPU
		{21D94CF6-5B9B-4515-96DF-E512C44A851D}.Release|Any CPU.ActiveCfg = Release|Any CPU
		{21D94CF6-5B9B-4515-96DF-E512C44A851D}.Release|Any CPU.Build.0 = Release|Any CPU
	EndGlobalSection
	GlobalSection(SolutionProperties) = preSolution
		HideSolutionNode = FALSE
	EndGlobalSection
	GlobalSection(ExtensibilityGlobals) = postSolution
		SolutionGuid = {A7F20680-13F4-4668-93DA-15B649573EC9}
	EndGlobalSection
EndGlobal
